
Microsoft Visual Studio Solution File, Format Version 12.00
# Visual Studio Version 16
VisualStudioVersion = 16.0.29709.97
MinimumVisualStudioVersion = 10.0.40219.1
Project("{FAE04EC0-301F-11D3-BF4B-00C04F79EFBC}") = "classes1", "classes1.csproj", "{9E02E298-5E9F-406A-850C-FF76593A38D7}"
EndProject
Global
	GlobalSection(SolutionConfigurationPlatforms) = preSolution
		Debug|Any CPU = Debug|Any CPU
		Release|Any CPU = Release|Any CPU
	EndGlobalSection
	GlobalSection(ProjectConfigurationPlatforms) = postSolution
		{9E02E298-5E9F-406A-850C-FF76593A38D7}.Debug|Any CPU.ActiveCfg = Debug|Any CPU
		{9E02E298-5E9F-406A-850C-FF76593A38D7}.Debug|Any CPU.Build.0 = Debug|Any CPU
		{9E02E298-5E9F-406A-850C-FF76593A38D7}.Release|Any CPU.ActiveCfg = Release|Any CPU
		{9E02E298-5E9F-406A-850C-FF76593A38D7}.Release|Any CPU.Build.0 = Release|Any CPU
	EndGlobalSection
	GlobalSection(SolutionProperties) = preSolution
		HideSolutionNode = FALSE
	EndGlobalSection
	GlobalSection(ExtensibilityGlobals) = postSolution
		SolutionGuid = {7BD3FF09-AF3E-4958-BB0A-A272CACCEF39}
	EndGlobalSection
EndGlobal
