
Microsoft Visual Studio Solution File, Format Version 12.00
# Visual Studio Version 16
VisualStudioVersion = 16.0.29806.167
MinimumVisualStudioVersion = 10.0.40219.1
Project("{FAE04EC0-301F-11D3-BF4B-00C04F79EFBC}") = "StringAssignment", "StringAssignment\StringAssignment.csproj", "{89D15B0A-D935-43BF-9032-C52CDAD65A8E}"
EndProject
Global
	GlobalSection(SolutionConfigurationPlatforms) = preSolution
		Debug|Any CPU = Debug|Any CPU
		Release|Any CPU = Release|Any CPU
	EndGlobalSection
	GlobalSection(ProjectConfigurationPlatforms) = postSolution
		{89D15B0A-D935-43BF-9032-C52CDAD65A8E}.Debug|Any CPU.ActiveCfg = Debug|Any CPU
		{89D15B0A-D935-43BF-9032-C52CDAD65A8E}.Debug|Any CPU.Build.0 = Debug|Any CPU
		{89D15B0A-D935-43BF-9032-C52CDAD65A8E}.Release|Any CPU.ActiveCfg = Release|Any CPU
		{89D15B0A-D935-43BF-9032-C52CDAD65A8E}.Release|Any CPU.Build.0 = Release|Any CPU
	EndGlobalSection
	GlobalSection(SolutionProperties) = preSolution
		HideSolutionNode = FALSE
	EndGlobalSection
	GlobalSection(ExtensibilityGlobals) = postSolution
		SolutionGuid = {F3D2ABE5-BD82-4CA3-AC34-2BA8089BE3F5}
	EndGlobalSection
EndGlobal
