
Microsoft Visual Studio Solution File, Format Version 12.00
# Visual Studio Version 16
VisualStudioVersion = 16.0.29709.97
MinimumVisualStudioVersion = 10.0.40219.1
Project("{FAE04EC0-301F-11D3-BF4B-00C04F79EFBC}") = "PracticeTest2", "PracticeTest2.csproj", "{D0E4817E-2866-4FA9-9538-13EF170085F3}"
EndProject
Global
	GlobalSection(SolutionConfigurationPlatforms) = preSolution
		Debug|Any CPU = Debug|Any CPU
		Release|Any CPU = Release|Any CPU
	EndGlobalSection
	GlobalSection(ProjectConfigurationPlatforms) = postSolution
		{D0E4817E-2866-4FA9-9538-13EF170085F3}.Debug|Any CPU.ActiveCfg = Debug|Any CPU
		{D0E4817E-2866-4FA9-9538-13EF170085F3}.Debug|Any CPU.Build.0 = Debug|Any CPU
		{D0E4817E-2866-4FA9-9538-13EF170085F3}.Release|Any CPU.ActiveCfg = Release|Any CPU
		{D0E4817E-2866-4FA9-9538-13EF170085F3}.Release|Any CPU.Build.0 = Release|Any CPU
	EndGlobalSection
	GlobalSection(SolutionProperties) = preSolution
		HideSolutionNode = FALSE
	EndGlobalSection
	GlobalSection(ExtensibilityGlobals) = postSolution
		SolutionGuid = {9909E835-1015-464C-AA5D-48382BE22D1D}
	EndGlobalSection
EndGlobal
